
Microsoft Visual Studio Solution File, Format Version 12.00
# Visual Studio Version 17
VisualStudioVersion = 17.0.32014.148
MinimumVisualStudioVersion = 10.0.40219.1
Project("{FAE04EC0-301F-11D3-BF4B-00C04F79EFBC}") = "Calculator", "Calculator\Calculator.csproj", "{ADB2ED6B-1E6A-44B5-AC62-6F1EDCFD7019}"
EndProject
Global
	GlobalSection(SolutionConfigurationPlatforms) = preSolution
		Debug|Any CPU = Debug|Any CPU
		Release|Any CPU = Release|Any CPU
	EndGlobalSection
	GlobalSection(ProjectConfigurationPlatforms) = postSolution
		{ADB2ED6B-1E6A-44B5-AC62-6F1EDCFD7019}.Debug|Any CPU.ActiveCfg = Debug|Any CPU
		{ADB2ED6B-1E6A-44B5-AC62-6F1EDCFD7019}.Debug|Any CPU.Build.0 = Debug|Any CPU
		{ADB2ED6B-1E6A-44B5-AC62-6F1EDCFD7019}.Release|Any CPU.ActiveCfg = Release|Any CPU
		{ADB2ED6B-1E6A-44B5-AC62-6F1EDCFD7019}.Release|Any CPU.Build.0 = Release|Any CPU
	EndGlobalSection
	GlobalSection(SolutionProperties) = preSolution
		HideSolutionNode = FALSE
	EndGlobalSection
	GlobalSection(ExtensibilityGlobals) = postSolution
		SolutionGuid = {DF8067DA-B5BE-4D5E-BD2F-592754CF6F8B}
	EndGlobalSection
EndGlobal
